
Microsoft Visual Studio Solution File, Format Version 12.00
# Visual Studio Version 17
VisualStudioVersion = 17.2.32505.173
MinimumVisualStudioVersion = 10.0.40219.1
Project("{FAE04EC0-301F-11D3-BF4B-00C04F79EFBC}") = "KipasProject", "KipasProject\KipasProject.csproj", "{FDCA1FC6-4274-4625-9A0B-9F9859326C4A}"
EndProject
Global
	GlobalSection(SolutionConfigurationPlatforms) = preSolution
		Debug|Any CPU = Debug|Any CPU
		Release|Any CPU = Release|Any CPU
	EndGlobalSection
	GlobalSection(ProjectConfigurationPlatforms) = postSolution
		{FDCA1FC6-4274-4625-9A0B-9F9859326C4A}.Debug|Any CPU.ActiveCfg = Debug|Any CPU
		{FDCA1FC6-4274-4625-9A0B-9F9859326C4A}.Debug|Any CPU.Build.0 = Debug|Any CPU
		{FDCA1FC6-4274-4625-9A0B-9F9859326C4A}.Release|Any CPU.ActiveCfg = Release|Any CPU
		{FDCA1FC6-4274-4625-9A0B-9F9859326C4A}.Release|Any CPU.Build.0 = Release|Any CPU
	EndGlobalSection
	GlobalSection(SolutionProperties) = preSolution
		HideSolutionNode = FALSE
	EndGlobalSection
	GlobalSection(ExtensibilityGlobals) = postSolution
		SolutionGuid = {07CF178F-EA56-432C-A0DE-9505A9353A09}
	EndGlobalSection
EndGlobal
